github.com/0xN0x/go-artifactsmmo v0.0.0-20241001135410-3d4f48c46c00 h1:P2C4RzmR12HB0F99XkPyvHaChcJec16bOHmxN4OI2OY=
github.com/0xN0x/go-artifactsmmo v0.0.0-20241001135410-3d4f48c46c00/go.mod h1:Xl25W61jgZK9wnrk0YefBDY3G7RyliN7Oyz8Z17RlM8=
github.com/0xN0x/go-artifactsmmo v0.0.0-20241002231116-cf4e55615170 h1:TzSWS0gA69ud/s9TQLomumqdjMrXg8wRo70pFijFpR4=
github.com/0xN0x/go-artifactsmmo v0.0.0-20241002231116-cf4e55615170/go.mod h1:T4tym+F5k8RRojZbLEpUfNh8b/vt4zegA2eapDYKuOc=
github.com/0xN0x/go-artifactsmmo v0.0.0-20241008215440-64b497bf200c h1:NVIjegVtid7Hfh2JGhde573T0kWTCDGKXA4tygRUS0g=
github.com/0xN0x/go-artifactsmmo v0.0.0-20241008215440-64b497bf200c/go.mod h1:T4tym+F5k8RRojZbLEpUfNh8b/vt4zegA2eapDYKuOc=
